
Microsoft Visual Studio Solution File, Format Version 12.00
# Visual Studio 2013
VisualStudioVersion = 12.0.31101.0
MinimumVisualStudioVersion = 10.0.40219.1
Project("{FAE04EC0-301F-11D3-BF4B-00C04F79EFBC}") = "Lvgaga", "Lvgaga\Lvgaga.csproj", "{777D598E-72C2-4461-85FE-4468337EBAD8}"
EndProject
Project("{FAE04EC0-301F-11D3-BF4B-00C04F79EFBC}") = "Lvgaga.Tests", "Lvgaga.Tests\Lvgaga.Tests.csproj", "{36CD74D5-325F-4596-889F-8CE5367583D2}"
EndProject
Project("{FAE04EC0-301F-11D3-BF4B-00C04F79EFBC}") = "LvModel", "LvModel\LvModel.csproj", "{0A8D207B-759D-491E-A8E4-AD5768DC09B4}"
EndProject
Project("{2150E333-8FDC-42A3-9474-1A3956D46DE8}") = ".nuget", ".nuget", "{5CC973D9-E946-460A-B28A-2788315D3E45}"
	ProjectSection(SolutionItems) = preProject
		.nuget\NuGet.Config = .nuget\NuGet.Config
		.nuget\NuGet.exe = .nuget\NuGet.exe
		.nuget\NuGet.targets = .nuget\NuGet.targets
	EndProjectSection
EndProject
Project("{FAE04EC0-301F-11D3-BF4B-00C04F79EFBC}") = "LvService", "LvService\LvService.csproj", "{5D15A401-4891-4BA4-B1D3-226DB654DF03}"
EndProject
Global
	GlobalSection(SolutionConfigurationPlatforms) = preSolution
		Debug|Any CPU = Debug|Any CPU
		Release|Any CPU = Release|Any CPU
	EndGlobalSection
	GlobalSection(ProjectConfigurationPlatforms) = postSolution
		{777D598E-72C2-4461-85FE-4468337EBAD8}.Debug|Any CPU.ActiveCfg = Debug|Any CPU
		{777D598E-72C2-4461-85FE-4468337EBAD8}.Debug|Any CPU.Build.0 = Debug|Any CPU
		{777D598E-72C2-4461-85FE-4468337EBAD8}.Release|Any CPU.ActiveCfg = Release|Any CPU
		{777D598E-72C2-4461-85FE-4468337EBAD8}.Release|Any CPU.Build.0 = Release|Any CPU
		{36CD74D5-325F-4596-889F-8CE5367583D2}.Debug|Any CPU.ActiveCfg = Debug|Any CPU
		{36CD74D5-325F-4596-889F-8CE5367583D2}.Debug|Any CPU.Build.0 = Debug|Any CPU
		{36CD74D5-325F-4596-889F-8CE5367583D2}.Release|Any CPU.ActiveCfg = Release|Any CPU
		{36CD74D5-325F-4596-889F-8CE5367583D2}.Release|Any CPU.Build.0 = Release|Any CPU
		{0A8D207B-759D-491E-A8E4-AD5768DC09B4}.Debug|Any CPU.ActiveCfg = Debug|Any CPU
		{0A8D207B-759D-491E-A8E4-AD5768DC09B4}.Debug|Any CPU.Build.0 = Debug|Any CPU
		{0A8D207B-759D-491E-A8E4-AD5768DC09B4}.Release|Any CPU.ActiveCfg = Release|Any CPU
		{0A8D207B-759D-491E-A8E4-AD5768DC09B4}.Release|Any CPU.Build.0 = Release|Any CPU
		{5D15A401-4891-4BA4-B1D3-226DB654DF03}.Debug|Any CPU.ActiveCfg = Debug|Any CPU
		{5D15A401-4891-4BA4-B1D3-226DB654DF03}.Debug|Any CPU.Build.0 = Debug|Any CPU
		{5D15A401-4891-4BA4-B1D3-226DB654DF03}.Release|Any CPU.ActiveCfg = Release|Any CPU
		{5D15A401-4891-4BA4-B1D3-226DB654DF03}.Release|Any CPU.Build.0 = Release|Any CPU
	EndGlobalSection
	GlobalSection(SolutionProperties) = preSolution
		HideSolutionNode = FALSE
	EndGlobalSection
EndGlobal
